Microsoft Visual Studio Solution File, Format Version 12.00
# Visual Studio 15
VisualStudioVersion = 15.0.27703.2042
MinimumVisualStudioVersion = 10.0.40219.1
Project("{2150E333-8FDC-42A3-9474-1A3956D46DE8}") = "Solution Items", "Solution Items", "{F7EBA566-5B68-4002-9FBA-2FB0F33B2AD9}"
	ProjectSection(SolutionItems) = preProject
		nfive.yml = nfive.yml
	EndProjectSection
EndProject
Project("{FAE04EC0-301F-11D3-BF4B-00C04F79EFBC}") = "VoicePlugin.Client", "VoicePlugin.Client\VoicePlugin.Client.csproj", "{374CC022-FB28-446E-B9E7-4E28D6EF936D}"
EndProject
Project("{FAE04EC0-301F-11D3-BF4B-00C04F79EFBC}") = "VoicePlugin.Server", "VoicePlugin.Server\VoicePlugin.Server.csproj", "{0E9F8CF0-2195-4B4C-B62B-8BA47C9DB44C}"
EndProject
Project("{FAE04EC0-301F-11D3-BF4B-00C04F79EFBC}") = "VoicePlugin.Shared", "VoicePlugin.Shared\VoicePlugin.Shared.csproj", "{0212CFBD-4BEB-4C4D-8A32-B6CDDD2B0DD6}"
EndProject
Global
	GlobalSection(SolutionConfigurationPlatforms) = preSolution
		Debug|Any CPU = Debug|Any CPU
		Release|Any CPU = Release|Any CPU
	EndGlobalSection
	GlobalSection(ProjectConfigurationPlatforms) = postSolution
		{374CC022-FB28-446E-B9E7-4E28D6EF936D}.Debug|Any CPU.ActiveCfg = Debug|Any CPU
		{374CC022-FB28-446E-B9E7-4E28D6EF936D}.Debug|Any CPU.Build.0 = Debug|Any CPU
		{374CC022-FB28-446E-B9E7-4E28D6EF936D}.Release|Any CPU.ActiveCfg = Release|Any CPU
		{374CC022-FB28-446E-B9E7-4E28D6EF936D}.Release|Any CPU.Build.0 = Release|Any CPU
		{0E9F8CF0-2195-4B4C-B62B-8BA47C9DB44C}.Debug|Any CPU.ActiveCfg = Debug|Any CPU
		{0E9F8CF0-2195-4B4C-B62B-8BA47C9DB44C}.Debug|Any CPU.Build.0 = Debug|Any CPU
		{0E9F8CF0-2195-4B4C-B62B-8BA47C9DB44C}.Release|Any CPU.ActiveCfg = Release|Any CPU
		{0E9F8CF0-2195-4B4C-B62B-8BA47C9DB44C}.Release|Any CPU.Build.0 = Release|Any CPU
		{0212CFBD-4BEB-4C4D-8A32-B6CDDD2B0DD6}.Debug|Any CPU.ActiveCfg = Debug|Any CPU
		{0212CFBD-4BEB-4C4D-8A32-B6CDDD2B0DD6}.Debug|Any CPU.Build.0 = Debug|Any CPU
		{0212CFBD-4BEB-4C4D-8A32-B6CDDD2B0DD6}.Release|Any CPU.ActiveCfg = Release|Any CPU
		{0212CFBD-4BEB-4C4D-8A32-B6CDDD2B0DD6}.Release|Any CPU.Build.0 = Release|Any CPU
	EndGlobalSection
	GlobalSection(SolutionProperties) = preSolution
		HideSolutionNode = FALSE
	EndGlobalSection
	GlobalSection(ExtensibilityGlobals) = postSolution
		SolutionGuid = {8E39E9AD-1117-4ECF-9D3B-9492EA0B02CA}
	EndGlobalSection
EndGlobal
